// !$*UTF8*$!
{
	archiveVersion = 1;
	classes = {
	};
	objectVersion = 55;
	objects = {

/* Begin PBXBuildFile section */
		11C1EBB028B603B300BDCAE1 /* BoxNode.swift in Sources */ = {isa = PBXBuildFile; fileRef = 11C1EBAF28B603B300BDCAE1 /* BoxNode.swift */; };
		11C1EBB228B6040300BDCAE1 /* GameScene.swift in Sources */ = {isa = PBXBuildFile; fileRef = 11C1EBB128B6040300BDCAE1 /* GameScene.swift */; };
		11C1EBB428B6043F00BDCAE1 /* GameSceneViewController.swift in Sources */ = {isa = PBXBuildFile; fileRef = 11C1EBB328B6043F00BDCAE1 /* GameSceneViewController.swift */; };
		11C1EBB628B6047B00BDCAE1 /* GSViewControllerRepresentable.swift in Sources */ = {isa = PBXBuildFile; fileRef = 11C1EBB528B6047B00BDCAE1 /* GSViewControllerRepresentable.swift */; };
		11C1EBBA28B6056000BDCAE1 /* SideTapView.swift in Sources */ = {isa = PBXBuildFile; fileRef = 11C1EBB928B6056000BDCAE1 /* SideTapView.swift */; };
		11C84B3028B371A9003F57C1 /* primitive_shapeApp.swift in Sources */ = {isa = PBXBuildFile; fileRef = 11C84B2F28B371A9003F57C1 /* primitive_shapeApp.swift */; };
		11C84B3228B371A9003F57C1 /* ContentView.swift in Sources */ = {isa = PBXBuildFile; fileRef = 11C84B3128B371A9003F57C1 /* ContentView.swift */; };
		11C84B3428B371AC003F57C1 /* Assets.xcassets in Resources */ = {isa = PBXBuildFile; fileRef = 11C84B3328B371AC003F57C1 /* Assets.xcassets */; };
		11C84B3728B371AC003F57C1 /* Preview Assets.xcassets in Resources */ = {isa = PBXBuildFile; fileRef = 11C84B3628B371AC003F57C1 /* Preview Assets.xcassets */; };
		11C84B4128B371AC003F57C1 /* primitive_shapeTests.swift in Sources */ = {isa = PBXBuildFile; fileRef = 11C84B4028B371AC003F57C1 /* primitive_shapeTests.swift */; };
		11C84B4B28B371AC003F57C1 /* primitive_shapeUITests.swift in Sources */ = {isa = PBXBuildFile; fileRef = 11C84B4A28B371AC003F57C1 /* primitive_shapeUITests.swift */; };
		11C84B4D28B371AC003F57C1 /* primitive_shapeUITestsLaunchTests.swift in Sources */ = {isa = PBXBuildFile; fileRef = 11C84B4C28B371AC003F57C1 /* primitive_shapeUITestsLaunchTests.swift */; };
		11C84B9528B37487003F57C1 /* art.scnassets in Resources */ = {isa = PBXBuildFile; fileRef = 11C84B9428B37487003F57C1 /* art.scnassets */; };
/* End PBXBuildFile section */

/* Begin PBXContainerItemProxy section */
		11C84B3D28B371AC003F57C1 /* PBXContainerItemProxy */ = {
			isa = PBXContainerItemProxy;
			containerPortal = 11C84B2428B371A9003F57C1 /* Project object */;
			proxyType = 1;
			remoteGlobalIDString = 11C84B2B28B371A9003F57C1;
			remoteInfo = "primitive-shape";
		};
		11C84B4728B371AC003F57C1 /* PBXContainerItemProxy */ = {
			isa = PBXContainerItemProxy;
			containerPortal = 11C84B2428B371A9003F57C1 /* Project object */;
			proxyType = 1;
			remoteGlobalIDString = 11C84B2B28B371A9003F57C1;
			remoteInfo = "primitive-shape";
		};
/* End PBXContainerItemProxy section */

/* Begin PBXFileReference section */
		11C1EBAF28B603B300BDCAE1 /* BoxNode.swift */ = {isa = PBXFileReference; lastKnownFileType = sourcecode.swift; path = BoxNode.swift; sourceTree = "<group>"; };
		11C1EBB128B6040300BDCAE1 /* GameScene.swift */ = {isa = PBXFileReference; lastKnownFileType = sourcecode.swift; path = GameScene.swift; sourceTree = "<group>"; };
		11C1EBB328B6043F00BDCAE1 /* GameSceneViewController.swift */ = {isa = PBXFileReference; lastKnownFileType = sourcecode.swift; path = GameSceneViewController.swift; sourceTree = "<group>"; };
		11C1EBB528B6047B00BDCAE1 /* GSViewControllerRepresentable.swift */ = {isa = PBXFileReference; lastKnownFileType = sourcecode.swift; path = GSViewControllerRepresentable.swift; sourceTree = "<group>"; };
		11C1EBB928B6056000BDCAE1 /* SideTapView.swift */ = {isa = PBXFileReference; lastKnownFileType = sourcecode.swift; path = SideTapView.swift; sourceTree = "<group>"; };
		11C84B2C28B371A9003F57C1 /* primitive-shape.app */ = {isa = PBXFileReference; explicitFileType = wrapper.application; includeInIndex = 0; path = "primitive-shape.app"; sourceTree = BUILT_PRODUCTS_DIR; };
		11C84B2F28B371A9003F57C1 /* primitive_shapeApp.swift */ = {isa = PBXFileReference; lastKnownFileType = sourcecode.swift; path = primitive_shapeApp.swift; sourceTree = "<group>"; };
		11C84B3128B371A9003F57C1 /* ContentView.swift */ = {isa = PBXFileReference; lastKnownFileType = sourcecode.swift; path = ContentView.swift; sourceTree = "<group>"; };
		11C84B3328B371AC003F57C1 /* Assets.xcassets */ = {isa = PBXFileReference; lastKnownFileType = folder.assetcatalog; path = Assets.xcassets; sourceTree = "<group>"; };
		11C84B3628B371AC003F57C1 /* Preview Assets.xcassets */ = {isa = PBXFileReference; lastKnownFileType = folder.assetcatalog; path = "Preview Assets.xcassets"; sourceTree = "<group>"; };
		11C84B3C28B371AC003F57C1 /* primitive-shapeTests.xctest */ = {isa = PBXFileReference; explicitFileType = wrapper.cfbundle; includeInIndex = 0; path = "primitive-shapeTests.xctest"; sourceTree = BUILT_PRODUCTS_DIR; };
		11C84B4028B371AC003F57C1 /* primitive_shapeTests.swift */ = {isa = PBXFileReference; lastKnownFileType = sourcecode.swift; path = primitive_shapeTests.swift; sourceTree = "<group>"; };
		11C84B4628B371AC003F57C1 /* primitive-shapeUITests.xctest */ = {isa = PBXFileReference; explicitFileType = wrapper.cfbundle; includeInIndex = 0; path = "primitive-shapeUITests.xctest"; sourceTree = BUILT_PRODUCTS_DIR; };
		11C84B4A28B371AC003F57C1 /* primitive_shapeUITests.swift */ = {isa = PBXFileReference; lastKnownFileType = sourcecode.swift; path = primitive_shapeUITests.swift; sourceTree = "<group>"; };
		11C84B4C28B371AC003F57C1 /* primitive_shapeUITestsLaunchTests.swift */ = {isa = PBXFileReference; lastKnownFileType = sourcecode.swift; path = primitive_shapeUITestsLaunchTests.swift; sourceTree = "<group>"; };
		11C84B9428B37487003F57C1 /* art.scnassets */ = {isa = PBXFileReference; lastKnownFileType = wrapper.scnassets; path = art.scnassets; sourceTree = "<group>"; };
/* End PBXFileReference section */

/* Begin PBXFrameworksBuildPhase section */
		11C84B2928B371A9003F57C1 /* Frameworks */ = {
			isa = PBXFrameworksBuildPhase;
			buildActionMask = 2147483647;
			files = (
			);
			runOnlyForDeploymentPostprocessing = 0;
		};
		11C84B3928B371AC003F57C1 /* Frameworks */ = {
			isa = PBXFrameworksBuildPhase;
			buildActionMask = 2147483647;
			files = (
			);
			runOnlyForDeploymentPostprocessing = 0;
		};
		11C84B4328B371AC003F57C1 /* Frameworks */ = {
			isa = PBXFrameworksBuildPhase;
			buildActionMask = 2147483647;
			files = (
			);
			runOnlyForDeploymentPostprocessing = 0;
		};
/* End PBXFrameworksBuildPhase section */

/* Begin PBXGroup section */
		11C84B2328B371A9003F57C1 = {
			isa = PBXGroup;
			children = (
				11C84B2E28B371A9003F57C1 /* primitive-shape */,
				11C84B3F28B371AC003F57C1 /* primitive-shapeTests */,
				11C84B4928B371AC003F57C1 /* primitive-shapeUITests */,
				11C84B2D28B371A9003F57C1 /* Products */,
			);
			sourceTree = "<group>";
		};
		11C84B2D28B371A9003F57C1 /* Products */ = {
			isa = PBXGroup;
			children = (
				11C84B2C28B371A9003F57C1 /* primitive-shape.app */,
				11C84B3C28B371AC003F57C1 /* primitive-shapeTests.xctest */,
				11C84B4628B371AC003F57C1 /* primitive-shapeUITests.xctest */,
			);
			name = Products;
			sourceTree = "<group>";
		};
		11C84B2E28B371A9003F57C1 /* primitive-shape */ = {
			isa = PBXGroup;
			children = (
				11C84B9428B37487003F57C1 /* art.scnassets */,
				11C84B2F28B371A9003F57C1 /* primitive_shapeApp.swift */,
				11C84B3128B371A9003F57C1 /* ContentView.swift */,
				11C84B3328B371AC003F57C1 /* Assets.xcassets */,
				11C84B3528B371AC003F57C1 /* Preview Content */,
				11C1EBAF28B603B300BDCAE1 /* BoxNode.swift */,
				11C1EBB128B6040300BDCAE1 /* GameScene.swift */,
				11C1EBB328B6043F00BDCAE1 /* GameSceneViewController.swift */,
				11C1EBB528B6047B00BDCAE1 /* GSViewControllerRepresentable.swift */,
				11C1EBB928B6056000BDCAE1 /* SideTapView.swift */,
			);
			path = "primitive-shape";
			sourceTree = "<group>";
		};
		11C84B3528B371AC003F57C1 /* Preview Content */ = {
			isa = PBXGroup;
			children = (
				11C84B3628B371AC003F57C1 /* Preview Assets.xcassets */,
			);
			path = "Preview Content";
			sourceTree = "<group>";
		};
		11C84B3F28B371AC003F57C1 /* primitive-shapeTests */ = {
			isa = PBXGroup;
			children = (
				11C84B4028B371AC003F57C1 /* primitive_shapeTests.swift */,
			);
			path = "primitive-shapeTests";
			sourceTree = "<group>";
		};
		11C84B4928B371AC003F57C1 /* primitive-shapeUITests */ = {
			isa = PBXGroup;
			children = (
				11C84B4A28B371AC003F57C1 /* primitive_shapeUITests.swift */,
				11C84B4C28B371AC003F57C1 /* primitive_shapeUITestsLaunchTests.swift */,
			);
			path = "primitive-shapeUITests";
			sourceTree = "<group>";
		};
/* End PBXGroup section */

/* Begin PBXNativeTarget section */
		11C84B2B28B371A9003F57C1 /* primitive-shape */ = {
			isa = PBXNativeTarget;
			buildConfigurationList = 11C84B5028B371AC003F57C1 /* Build configuration list for PBXNativeTarget "primitive-shape" */;
			buildPhases = (
				11C84B2828B371A9003F57C1 /* Sources */,
				11C84B2928B371A9003F57C1 /* Frameworks */,
				11C84B2A28B371A9003F57C1 /* Resources */,
			);
			buildRules = (
			);
			dependencies = (
			);
			name = "primitive-shape";
			productName = "primitive-shape";
			productReference = 11C84B2C28B371A9003F57C1 /* primitive-shape.app */;
			productType = "com.apple.product-type.application";
		};
		11C84B3B28B371AC003F57C1 /* primitive-shapeTests */ = {
			isa = PBXNativeTarget;
			buildConfigurationList = 11C84B5328B371AC003F57C1 /* Build configuration list for PBXNativeTarget "primitive-shapeTests" */;
			buildPhases = (
				11C84B3828B371AC003F57C1 /* Sources */,
				11C84B3928B371AC003F57C1 /* Frameworks */,
				11C84B3A28B371AC003F57C1 /* Resources */,
			);
			buildRules = (
			);
			dependencies = (
				11C84B3E28B371AC003F57C1 /* PBXTargetDependency */,
			);
			name = "primitive-shapeTests";
			productName = "primitive-shapeTests";
			productReference = 11C84B3C28B371AC003F57C1 /* primitive-shapeTests.xctest */;
			productType = "com.apple.product-type.bundle.unit-test";
		};
		11C84B4528B371AC003F57C1 /* primitive-shapeUITests */ = {
			isa = PBXNativeTarget;
			buildConfigurationList = 11C84B5628B371AC003F57C1 /* Build configuration list for PBXNativeTarget "primitive-shapeUITests" */;
			buildPhases = (
				11C84B4228B371AC003F57C1 /* Sources */,
				11C84B4328B371AC003F57C1 /* Frameworks */,
				11C84B4428B371AC003F57C1 /* Resources */,
			);
			buildRules = (
			);
			dependencies = (
				11C84B4828B371AC003F57C1 /* PBXTargetDependency */,
			);
			name = "primitive-shapeUITests";
			productName = "primitive-shapeUITests";
			productReference = 11C84B4628B371AC003F57C1 /* primitive-shapeUITests.xctest */;
			productType = "com.apple.product-type.bundle.ui-testing";
		};
/* End PBXNativeTarget section */

/* Begin PBXProject section */
		11C84B2428B371A9003F57C1 /* Project object */ = {
			isa = PBXProject;
			attributes = {
				BuildIndependentTargetsInParallel = 1;
				LastSwiftUpdateCheck = 1340;
				LastUpgradeCheck = 1340;
				TargetAttributes = {
					11C84B2B28B371A9003F57C1 = {
						CreatedOnToolsVersion = 13.4.1;
					};
					11C84B3B28B371AC003F57C1 = {
						CreatedOnToolsVersion = 13.4.1;
						TestTargetID = 11C84B2B28B371A9003F57C1;
					};
					11C84B4528B371AC003F57C1 = {
						CreatedOnToolsVersion = 13.4.1;
						TestTargetID = 11C84B2B28B371A9003F57C1;
					};
				};
			};
			buildConfigurationList = 11C84B2728B371A9003F57C1 /* Build configuration list for PBXProject "primitive-shape" */;
			compatibilityVersion = "Xcode 13.0";
			developmentRegion = en;
			hasScannedForEncodings = 0;
			knownRegions = (
				en,
				Base,
			);
			mainGroup = 11C84B2328B371A9003F57C1;
			productRefGroup = 11C84B2D28B371A9003F57C1 /* Products */;
			projectDirPath = "";
			projectRoot = "";
			targets = (
				11C84B2B28B371A9003F57C1 /* primitive-shape */,
				11C84B3B28B371AC003F57C1 /* primitive-shapeTests */,
				11C84B4528B371AC003F57C1 /* primitive-shapeUITests */,
			);
		};
/* End PBXProject section */

/* Begin PBXResourcesBuildPhase section */
		11C84B2A28B371A9003F57C1 /* Resources */ = {
			isa = PBXResourcesBuildPhase;
			buildActionMask = 2147483647;
			files = (
				11C84B3728B371AC003F57C1 /* Preview Assets.xcassets in Resources */,
				11C84B9528B37487003F57C1 /* art.scnassets in Resources */,
				11C84B3428B371AC003F57C1 /* Assets.xcassets in Resources */,
			);
			runOnlyForDeploymentPostprocessing = 0;
		};
		11C84B3A28B371AC003F57C1 /* Resources */ = {
			isa = PBXResourcesBuildPhase;
			buildActionMask = 2147483647;
			files = (
			);
			runOnlyForDeploymentPostprocessing = 0;
		};
		11C84B4428B371AC003F57C1 /* Resources */ = {
			isa = PBXResourcesBuildPhase;
			buildActionMask = 2147483647;
			files = (
			);
			runOnlyForDeploymentPostprocessing = 0;
		};
/* End PBXResourcesBuildPhase section */

/* Begin PBXSourcesBuildPhase section */
		11C84B2828B371A9003F57C1 /* Sources */ = {
			isa = PBXSourcesBuildPhase;
			buildActionMask = 2147483647;
			files = (
				11C84B3228B371A9003F57C1 /* ContentView.swift in Sources */,
				11C1EBB028B603B300BDCAE1 /* BoxNode.swift in Sources */,
				11C1EBB228B6040300BDCAE1 /* GameScene.swift in Sources */,
				11C1EBB428B6043F00BDCAE1 /* GameSceneViewController.swift in Sources */,
				11C84B3028B371A9003F57C1 /* primitive_shapeApp.swift in Sources */,
				11C1EBB628B6047B00BDCAE1 /* GSViewControllerRepresentable.swift in Sources */,
				11C1EBBA28B6056000BDCAE1 /* SideTapView.swift in Sources */,
			);
			runOnlyForDeploymentPostprocessing = 0;
		};
		11C84B3828B371AC003F57C1 /* Sources */ = {
			isa = PBXSourcesBuildPhase;
			buildActionMask = 2147483647;
			files = (
				11C84B4128B371AC003F57C1 /* primitive_shapeTests.swift in Sources */,
			);
			runOnlyForDeploymentPostprocessing = 0;
		};
		11C84B4228B371AC003F57C1 /* Sources */ = {
			isa = PBXSourcesBuildPhase;
			buildActionMask = 2147483647;
			files = (
				11C84B4D28B371AC003F57C1 /* primitive_shapeUITestsLaunchTests.swift in Sources */,
				11C84B4B28B371AC003F57C1 /* primitive_shapeUITests.swift in Sources */,
			);
			runOnlyForDeploymentPostprocessing = 0;
		};
/* End PBXSourcesBuildPhase section */

/* Begin PBXTargetDependency section */
		11C84B3E28B371AC003F57C1 /* PBXTargetDependency */ = {
			isa = PBXTargetDependency;
			target = 11C84B2B28B371A9003F57C1 /* primitive-shape */;
			targetProxy = 11C84B3D28B371AC003F57C1 /* PBXContainerItemProxy */;
		};
		11C84B4828B371AC003F57C1 /* PBXTargetDependency */ = {
			isa = PBXTargetDependency;
			target = 11C84B2B28B371A9003F57C1 /* primitive-shape */;
			targetProxy = 11C84B4728B371AC003F57C1 /* PBXContainerItemProxy */;
		};
/* End PBXTargetDependency section */

/* Begin XCBuildConfiguration section */
		11C84B4E28B371AC003F57C1 /* Debug */ = {
			isa = XCBuildConfiguration;
			buildSettings = {
				ALWAYS_SEARCH_USER_PATHS = NO;
				CLANG_ANALYZER_NONNULL = YES;
				CLANG_ANALYZER_NUMBER_OBJECT_CONVERSION = YES_AGGRESSIVE;
				CLANG_CXX_LANGUAGE_STANDARD = "gnu++17";
				CLANG_ENABLE_MODULES = YES;
				CLANG_ENABLE_OBJC_ARC = YES;
				CLANG_ENABLE_OBJC_WEAK = YES;
				CLANG_WARN_BLOCK_CAPTURE_AUTORELEASING = YES;
				CLANG_WARN_BOOL_CONVERSION = YES;
				CLANG_WARN_COMMA = YES;
				CLANG_WARN_CONSTANT_CONVERSION = YES;
				CLANG_WARN_DEPRECATED_OBJC_IMPLEMENTATIONS = YES;
				CLANG_WARN_DIRECT_OBJC_ISA_USAGE = YES_ERROR;
				CLANG_WARN_DOCUMENTATION_COMMENTS = YES;
				CLANG_WARN_EMPTY_BODY = YES;
				CLANG_WARN_ENUM_CONVERSION = YES;
				CLANG_WARN_INFINITE_RECURSION = YES;
				CLANG_WARN_INT_CONVERSION = YES;
				CLANG_WARN_NON_LITERAL_NULL_CONVERSION = YES;
				CLANG_WARN_OBJC_IMPLICIT_RETAIN_SELF = YES;
				CLANG_WARN_OBJC_LITERAL_CONVERSION = YES;
				CLANG_WARN_OBJC_ROOT_CLASS = YES_ERROR;
				CLANG_WARN_QUOTED_INCLUDE_IN_FRAMEWORK_HEADER = YES;
				CLANG_WARN_RANGE_LOOP_ANALYSIS = YES;
				CLANG_WARN_STRICT_PROTOTYPES = YES;
				CLANG_WARN_SUSPICIOUS_MOVE = YES;
				CLANG_WARN_UNGUARDED_AVAILABILITY = YES_AGGRESSIVE;
				CLANG_WARN_UNREACHABLE_CODE = YES;
				CLANG_WARN__DUPLICATE_METHOD_MATCH = YES;
				COPY_PHASE_STRIP = NO;
				DEBUG_INFORMATION_FORMAT = dwarf;
				ENABLE_STRICT_OBJC_MSGSEND = YES;
				ENABLE_TESTABILITY = YES;
				GCC_C_LANGUAGE_STANDARD = gnu11;
				GCC_DYNAMIC_NO_PIC = NO;
				GCC_NO_COMMON_BLOCKS = YES;
				GCC_OPTIMIZATION_LEVEL = 0;
				GCC_PREPROCESSOR_DEFINITIONS = (
					"DEBUG=1",
					"$(inherited)",
				);
				GCC_WARN_64_TO_32_BIT_CONVERSION = YES;
				GCC_WARN_ABOUT_RETURN_TYPE = YES_ERROR;
				GCC_WARN_UNDECLARED_SELECTOR = YES;
				GCC_WARN_UNINITIALIZED_AUTOS = YES_AGGRESSIVE;
				GCC_WARN_UNUSED_FUNCTION = YES;
				GCC_WARN_UNUSED_VARIABLE = YES;
				IPHONEOS_DEPLOYMENT_TARGET = 15.5;
				MTL_ENABLE_DEBUG_INFO = INCLUDE_SOURCE;
				MTL_FAST_MATH = YES;
				ONLY_ACTIVE_ARCH = YES;
				SDKROOT = iphoneos;
				SWIFT_ACTIVE_COMPILATION_CONDITIONS = DEBUG;
				SWIFT_OPTIMIZATION_LEVEL = "-Onone";
			};
			name = Debug;
		};
		11C84B4F28B371AC003F57C1 /* Release */ = {
			isa = XCBuildConfiguration;
			buildSettings = {
				ALWAYS_SEARCH_USER_PATHS = NO;
				CLANG_ANALYZER_NONNULL = YES;
				CLANG_ANALYZER_NUMBER_OBJECT_CONVERSION = YES_AGGRESSIVE;
				CLANG_CXX_LANGUAGE_STANDARD = "gnu++17";
				CLANG_ENABLE_MODULES = YES;
				CLANG_ENABLE_OBJC_ARC = YES;
				CLANG_ENABLE_OBJC_WEAK = YES;
				CLANG_WARN_BLOCK_CAPTURE_AUTORELEASING = YES;
				CLANG_WARN_BOOL_CONVERSION = YES;
				CLANG_WARN_COMMA = YES;
				CLANG_WARN_CONSTANT_CONVERSION = YES;
				CLANG_WARN_DEPRECATED_OBJC_IMPLEMENTATIONS = YES;
				CLANG_WARN_DIRECT_OBJC_ISA_USAGE = YES_ERROR;
				CLANG_WARN_DOCUMENTATION_COMMENTS = YES;
				CLANG_WARN_EMPTY_BODY = YES;
				CLANG_WARN_ENUM_CONVERSION = YES;
				CLANG_WARN_INFINITE_RECURSION = YES;
				CLANG_WARN_INT_CONVERSION = YES;
				CLANG_WARN_NON_LITERAL_NULL_CONVERSION = YES;
				CLANG_WARN_OBJC_IMPLICIT_RETAIN_SELF = YES;
				CLANG_WARN_OBJC_LITERAL_CONVERSION = YES;
				CLANG_WARN_OBJC_ROOT_CLASS = YES_ERROR;
				CLANG_WARN_QUOTED_INCLUDE_IN_FRAMEWORK_HEADER = YES;
				CLANG_WARN_RANGE_LOOP_ANALYSIS = YES;
				CLANG_WARN_STRICT_PROTOTYPES = YES;
				CLANG_WARN_SUSPICIOUS_MOVE = YES;
				CLANG_WARN_UNGUARDED_AVAILABILITY = YES_AGGRESSIVE;
				CLANG_WARN_UNREACHABLE_CODE = YES;
				CLANG_WARN__DUPLICATE_METHOD_MATCH = YES;
				COPY_PHASE_STRIP = NO;
				DEBUG_INFORMATION_FORMAT = "dwarf-with-dsym";
				ENABLE_NS_ASSERTIONS = NO;
				ENABLE_STRICT_OBJC_MSGSEND = YES;
				GCC_C_LANGUAGE_STANDARD = gnu11;
				GCC_NO_COMMON_BLOCKS = YES;
				GCC_WARN_64_TO_32_BIT_CONVERSION = YES;
				GCC_WARN_ABOUT_RETURN_TYPE = YES_ERROR;
				GCC_WARN_UNDECLARED_SELECTOR = YES;
				GCC_WARN_UNINITIALIZED_AUTOS = YES_AGGRESSIVE;
				GCC_WARN_UNUSED_FUNCTION = YES;
				GCC_WARN_UNUSED_VARIABLE = YES;
				IPHONEOS_DEPLOYMENT_TARGET = 15.5;
				MTL_ENABLE_DEBUG_INFO = NO;
				MTL_FAST_MATH = YES;
				SDKROOT = iphoneos;
				SWIFT_COMPILATION_MODE = wholemodule;
				SWIFT_OPTIMIZATION_LEVEL = "-O";
				VALIDATE_PRODUCT = YES;
			};
			name = Release;
		};
		11C84B5128B371AC003F57C1 /* Debug */ = {
			isa = XCBuildConfiguration;
			buildSettings = {
				ASSETCATALOG_COMPILER_APPICON_NAME = AppIcon;
				ASSETCATALOG_COMPILER_GLOBAL_ACCENT_COLOR_NAME = AccentColor;
				CODE_SIGN_STYLE = Automatic;
				CURRENT_PROJECT_VERSION = 1;
				DEVELOPMENT_ASSET_PATHS = "\"primitive-shape/Preview Content\"";
				DEVELOPMENT_TEAM = CD3LJB88Z9;
				ENABLE_PREVIEWS = YES;
				GENERATE_INFOPLIST_FILE = YES;
				INFOPLIST_KEY_UIApplicationSceneManifest_Generation = YES;
				INFOPLIST_KEY_UIApplicationSupportsIndirectInputEvents = YES;
				INFOPLIST_KEY_UILaunchScreen_Generation = YES;
				INFOPLIST_KEY_UISupportedInterfaceOrientations_iPad = "UIInterfaceOrientationPortrait UIInterfaceOrientationPortraitUpsideDown UIInterfaceOrientationLandscapeLeft UIInterfaceOrientationLandscapeRight";
				INFOPLIST_KEY_UISupportedInterfaceOrientations_iPhone = "UIInterfaceOrientationPortrait UIInterfaceOrientationLandscapeLeft UIInterfaceOrientationLandscapeRight";
				LD_RUNPATH_SEARCH_PATHS = (
					"$(inherited)",
					"@executable_path/Frameworks",
				);
				MARKETING_VERSION = 1.0;
				PRODUCT_BUNDLE_IDENTIFIER = "com.theodorusclarence.primitive-shape";
				PRODUCT_NAME = "$(TARGET_NAME)";
				SWIFT_EMIT_LOC_STRINGS = YES;
				SWIFT_VERSION = 5.0;
				TARGETED_DEVICE_FAMILY = "1,2";
			};
			name = Debug;
		};
		11C84B5228B371AC003F57C1 /* Release */ = {
			isa = XCBuildConfiguration;
			buildSettings = {
				ASSETCATALOG_COMPILER_APPICON_NAME = AppIcon;
				ASSETCATALOG_COMPILER_GLOBAL_ACCENT_COLOR_NAME = AccentColor;
				CODE_SIGN_STYLE = Automatic;
				CURRENT_PROJECT_VERSION = 1;
				DEVELOPMENT_ASSET_PATHS = "\"primitive-shape/Preview Content\"";
				DEVELOPMENT_TEAM = CD3LJB88Z9;
				ENABLE_PREVIEWS = YES;
				GENERATE_INFOPLIST_FILE = YES;
				INFOPLIST_KEY_UIApplicationSceneManifest_Generation = YES;
				INFOPLIST_KEY_UIApplicationSupportsIndirectInputEvents = YES;
				INFOPLIST_KEY_UILaunchScreen_Generation = YES;
				INFOPLIST_KEY_UISupportedInterfaceOrientations_iPad = "UIInterfaceOrientationPortrait UIInterfaceOrientationPortraitUpsideDown UIInterfaceOrientationLandscapeLeft UIInterfaceOrientationLandscapeRight";
				INFOPLIST_KEY_UISupportedInterfaceOrientations_iPhone = "UIInterfaceOrientationPortrait UIInterfaceOrientationLandscapeLeft UIInterfaceOrientationLandscapeRight";
				LD_RUNPATH_SEARCH_PATHS = (
					"$(inherited)",
					"@executable_path/Frameworks",
				);
				MARKETING_VERSION = 1.0;
				PRODUCT_BUNDLE_IDENTIFIER = "com.theodorusclarence.primitive-shape";
				PRODUCT_NAME = "$(TARGET_NAME)";
				SWIFT_EMIT_LOC_STRINGS = YES;
				SWIFT_VERSION = 5.0;
				TARGETED_DEVICE_FAMILY = "1,2";
			};
			name = Release;
		};
		11C84B5428B371AC003F57C1 /* Debug */ = {
			isa = XCBuildConfiguration;
			buildSettings = {
				ALWAYS_EMBED_SWIFT_STANDARD_LIBRARIES = YES;
				BUNDLE_LOADER = "$(TEST_HOST)";
				CODE_SIGN_STYLE = Automatic;
				CURRENT_PROJECT_VERSION = 1;
				DEVELOPMENT_TEAM = CD3LJB88Z9;
				GENERATE_INFOPLIST_FILE = YES;
				IPHONEOS_DEPLOYMENT_TARGET = 15.5;
				MARKETING_VERSION = 1.0;
				PRODUCT_BUNDLE_IDENTIFIER = "com.theodorusclarence.primitive-shapeTests";
				PRODUCT_NAME = "$(TARGET_NAME)";
				SWIFT_EMIT_LOC_STRINGS = NO;
				SWIFT_VERSION = 5.0;
				TARGETED_DEVICE_FAMILY = "1,2";
				TEST_HOST = "$(BUILT_PRODUCTS_DIR)/primitive-shape.app/primitive-shape";
			};
			name = Debug;
		};
		11C84B5528B371AC003F57C1 /* Release */ = {
			isa = XCBuildConfiguration;
			buildSettings = {
				ALWAYS_EMBED_SWIFT_STANDARD_LIBRARIES = YES;
				BUNDLE_LOADER = "$(TEST_HOST)";
				CODE_SIGN_STYLE = Automatic;
				CURRENT_PROJECT_VERSION = 1;
				DEVELOPMENT_TEAM = CD3LJB88Z9;
				GENERATE_INFOPLIST_FILE = YES;
				IPHONEOS_DEPLOYMENT_TARGET = 15.5;
				MARKETING_VERSION = 1.0;
				PRODUCT_BUNDLE_IDENTIFIER = "com.theodorusclarence.primitive-shapeTests";
				PRODUCT_NAME = "$(TARGET_NAME)";
				SWIFT_EMIT_LOC_STRINGS = NO;
				SWIFT_VERSION = 5.0;
				TARGETED_DEVICE_FAMILY = "1,2";
				TEST_HOST = "$(BUILT_PRODUCTS_DIR)/primitive-shape.app/primitive-shape";
			};
			name = Release;
		};
		11C84B5728B371AC003F57C1 /* Debug */ = {
			isa = XCBuildConfiguration;
			buildSettings = {
				ALWAYS_EMBED_SWIFT_STANDARD_LIBRARIES = YES;
				CODE_SIGN_STYLE = Automatic;
				CURRENT_PROJECT_VERSION = 1;
				DEVELOPMENT_TEAM = CD3LJB88Z9;
				GENERATE_INFOPLIST_FILE = YES;
				MARKETING_VERSION = 1.0;
				PRODUCT_BUNDLE_IDENTIFIER = "com.theodorusclarence.primitive-shapeUITests";
				PRODUCT_NAME = "$(TARGET_NAME)";
				SWIFT_EMIT_LOC_STRINGS = NO;
				SWIFT_VERSION = 5.0;
				TARGETED_DEVICE_FAMILY = "1,2";
				TEST_TARGET_NAME = "primitive-shape";
			};
			name = Debug;
		};
		11C84B5828B371AC003F57C1 /* Release */ = {
			isa = XCBuildConfiguration;
			buildSettings = {
				ALWAYS_EMBED_SWIFT_STANDARD_LIBRARIES = YES;
				CODE_SIGN_STYLE = Automatic;
				CURRENT_PROJECT_VERSION = 1;
				DEVELOPMENT_TEAM = CD3LJB88Z9;
				GENERATE_INFOPLIST_FILE = YES;
				MARKETING_VERSION = 1.0;
				PRODUCT_BUNDLE_IDENTIFIER = "com.theodorusclarence.primitive-shapeUITests";
				PRODUCT_NAME = "$(TARGET_NAME)";
				SWIFT_EMIT_LOC_STRINGS = NO;
				SWIFT_VERSION = 5.0;
				TARGETED_DEVICE_FAMILY = "1,2";
				TEST_TARGET_NAME = "primitive-shape";
			};
			name = Release;
		};
/* End XCBuildConfiguration section */

/* Begin XCConfigurationList section */
		11C84B2728B371A9003F57C1 /* Build configuration list for PBXProject "primitive-shape" */ = {
			isa = XCConfigurationList;
			buildConfigurations = (
				11C84B4E28B371AC003F57C1 /* Debug */,
				11C84B4F28B371AC003F57C1 /* Release */,
			);
			defaultConfigurationIsVisible = 0;
			defaultConfigurationName = Release;
		};
		11C84B5028B371AC003F57C1 /* Build configuration list for PBXNativeTarget "primitive-shape" */ = {
			isa = XCConfigurationList;
			buildConfigurations = (
				11C84B5128B371AC003F57C1 /* Debug */,
				11C84B5228B371AC003F57C1 /* Release */,
			);
			defaultConfigurationIsVisible = 0;
			defaultConfigurationName = Release;
		};
		11C84B5328B371AC003F57C1 /* Build configuration list for PBXNativeTarget "primitive-shapeTests" */ = {
			isa = XCConfigurationList;
			buildConfigurations = (
				11C84B5428B371AC003F57C1 /* Debug */,
				11C84B5528B371AC003F57C1 /* Release */,
			);
			defaultConfigurationIsVisible = 0;
			defaultConfigurationName = Release;
		};
		11C84B5628B371AC003F57C1 /* Build configuration list for PBXNativeTarget "primitive-shapeUITests" */ = {
			isa = XCConfigurationList;
			buildConfigurations = (
				11C84B5728B371AC003F57C1 /* Debug */,
				11C84B5828B371AC003F57C1 /* Release */,
			);
			defaultConfigurationIsVisible = 0;
			defaultConfigurationName = Release;
		};
/* End XCConfigurationList section */
	};
	rootObject = 11C84B2428B371A9003F57C1 /* Project object */;
}
